
Microsoft Visual Studio Solution File, Format Version 12.00
# Visual Studio 2012
Project("{FAE04EC0-301F-11D3-BF4B-00C04F79EFBC}") = "Presentation", "Presentation\Presentation.csproj", "{A6E61519-C36A-470E-BB4C-20F229AA7274}"
	ProjectSection(ProjectDependencies) = postProject
		{A4006D9D-0C4A-4A2B-86CC-A3707A0F17CB} = {A4006D9D-0C4A-4A2B-86CC-A3707A0F17CB}
	EndProjectSection
EndProject
Project("{FAE04EC0-301F-11D3-BF4B-00C04F79EFBC}") = "Management", "Management\Management.csproj", "{A4006D9D-0C4A-4A2B-86CC-A3707A0F17CB}"
EndProject
Project("{2150E333-8FDC-42A3-9474-1A3956D46DE8}") = ".nuget", ".nuget", "{E33FDA61-0A77-4B08-A68D-CCDC004BB94A}"
	ProjectSection(SolutionItems) = preProject
		.nuget\packages.config = .nuget\packages.config
	EndProjectSection
EndProject
Project("{FAE04EC0-301F-11D3-BF4B-00C04F79EFBC}") = "Language", "Language\Language.csproj", "{B7BFF176-78F2-4E35-B478-5BE14C561551}"
EndProject
Global
	GlobalSection(SolutionConfigurationPlatforms) = preSolution
		Debug|Any CPU = Debug|Any CPU
		Release|Any CPU = Release|Any CPU
	EndGlobalSection
	GlobalSection(ProjectConfigurationPlatforms) = postSolution
		{A6E61519-C36A-470E-BB4C-20F229AA7274}.Debug|Any CPU.ActiveCfg = Debug|Any CPU
		{A6E61519-C36A-470E-BB4C-20F229AA7274}.Debug|Any CPU.Build.0 = Debug|Any CPU
		{A6E61519-C36A-470E-BB4C-20F229AA7274}.Release|Any CPU.ActiveCfg = Release|Any CPU
		{A6E61519-C36A-470E-BB4C-20F229AA7274}.Release|Any CPU.Build.0 = Release|Any CPU
		{A4006D9D-0C4A-4A2B-86CC-A3707A0F17CB}.Debug|Any CPU.ActiveCfg = Debug|Any CPU
		{A4006D9D-0C4A-4A2B-86CC-A3707A0F17CB}.Debug|Any CPU.Build.0 = Debug|Any CPU
		{A4006D9D-0C4A-4A2B-86CC-A3707A0F17CB}.Release|Any CPU.ActiveCfg = Release|Any CPU
		{A4006D9D-0C4A-4A2B-86CC-A3707A0F17CB}.Release|Any CPU.Build.0 = Release|Any CPU
		{B7BFF176-78F2-4E35-B478-5BE14C561551}.Debug|Any CPU.ActiveCfg = Debug|Any CPU
		{B7BFF176-78F2-4E35-B478-5BE14C561551}.Debug|Any CPU.Build.0 = Debug|Any CPU
		{B7BFF176-78F2-4E35-B478-5BE14C561551}.Release|Any CPU.ActiveCfg = Release|Any CPU
		{B7BFF176-78F2-4E35-B478-5BE14C561551}.Release|Any CPU.Build.0 = Release|Any CPU
	EndGlobalSection
	GlobalSection(SolutionProperties) = preSolution
		HideSolutionNode = FALSE
	EndGlobalSection
EndGlobal
